
Microsoft Visual Studio Solution File, Format Version 12.00
# Visual Studio Version 16
VisualStudioVersion = 16.0.30128.74
MinimumVisualStudioVersion = 10.0.40219.1
Project("{FAE04EC0-301F-11D3-BF4B-00C04F79EFBC}") = "StockPlugin", "StockPlugin\StockPlugin.csproj", "{8A873572-179A-4C5F-9585-E36A0BE49A33}"
EndProject
Global
	GlobalSection(SolutionConfigurationPlatforms) = preSolution
		Debug|Any CPU = Debug|Any CPU
		Release|Any CPU = Release|Any CPU
	EndGlobalSection
	GlobalSection(ProjectConfigurationPlatforms) = postSolution
		{8A873572-179A-4C5F-9585-E36A0BE49A33}.Debug|Any CPU.ActiveCfg = Debug|Any CPU
		{8A873572-179A-4C5F-9585-E36A0BE49A33}.Debug|Any CPU.Build.0 = Debug|Any CPU
		{8A873572-179A-4C5F-9585-E36A0BE49A33}.Release|Any CPU.ActiveCfg = Release|Any CPU
		{8A873572-179A-4C5F-9585-E36A0BE49A33}.Release|Any CPU.Build.0 = Release|Any CPU
	EndGlobalSection
	GlobalSection(SolutionProperties) = preSolution
		HideSolutionNode = FALSE
	EndGlobalSection
	GlobalSection(ExtensibilityGlobals) = postSolution
		SolutionGuid = {C3BB1274-2F24-4F30-A01A-506F4A49D874}
	EndGlobalSection
EndGlobal
